// !$*UTF8*$!
{
	archiveVersion = 1;
	classes = {
	};
	objectVersion = 55;
	objects = {

/* Begin PBXBuildFile section */
		5215F2E1289F3FAC004DDDD5 /* RouteSlice.swift in Sources */ = {isa = PBXBuildFile; fileRef = 5215F2E0289F3FAC004DDDD5 /* RouteSlice.swift */; };
		5215F2E328A059C5004DDDD5 /* Signal.swift in Sources */ = {isa = PBXBuildFile; fileRef = 5215F2E228A059C5004DDDD5 /* Signal.swift */; };
		521D5C3528A6E5E900C25191 /* GreenLightUI.docc in Sources */ = {isa = PBXBuildFile; fileRef = 521D5C3428A6E5E900C25191 /* GreenLightUI.docc */; };
		521D5C3B28A6E5E900C25191 /* GreenLightKit.framework in Frameworks */ = {isa = PBXBuildFile; fileRef = 521D5C3128A6E5E900C25191 /* GreenLightKit.framework */; };
		521D5C4228A6E5E900C25191 /* GreenLightUITests.swift in Sources */ = {isa = PBXBuildFile; fileRef = 521D5C4128A6E5E900C25191 /* GreenLightUITests.swift */; };
		521D5C4328A6E5E900C25191 /* GreenLightUI.h in Headers */ = {isa = PBXBuildFile; fileRef = 521D5C3328A6E5E900C25191 /* GreenLightUI.h */; settings = {ATTRIBUTES = (Public, ); }; };
		521D5C4628A6E5E900C25191 /* GreenLightKit.framework in Frameworks */ = {isa = PBXBuildFile; fileRef = 521D5C3128A6E5E900C25191 /* GreenLightKit.framework */; };
		521D5C4728A6E5E900C25191 /* GreenLightKit.framework in Embed Frameworks */ = {isa = PBXBuildFile; fileRef = 521D5C3128A6E5E900C25191 /* GreenLightKit.framework */; settings = {ATTRIBUTES = (CodeSignOnCopy, RemoveHeadersOnCopy, ); }; };
		521D5C4F28A6E60000C25191 /* Green_LightApp.swift in Sources */ = {isa = PBXBuildFile; fileRef = 524F8FAA2876544400D8D70B /* Green_LightApp.swift */; };
		521D5C5028A6E60600C25191 /* MapView.swift in Sources */ = {isa = PBXBuildFile; fileRef = 523EFFD42877C2E5003D72B4 /* MapView.swift */; };
		521D5C5128A6E60600C25191 /* Light.swift in Sources */ = {isa = PBXBuildFile; fileRef = 522EBD6A2899DE85002052E1 /* Light.swift */; };
		521D5C5228A6E60600C25191 /* Simulation.swift in Sources */ = {isa = PBXBuildFile; fileRef = 522EBD682898E248002052E1 /* Simulation.swift */; };
		521D5C5328A6E60600C25191 /* CGExtension.swift in Sources */ = {isa = PBXBuildFile; fileRef = 52BAA4E82891E87D00365730 /* CGExtension.swift */; };
		521D5C5428A6E60600C25191 /* Signal.swift in Sources */ = {isa = PBXBuildFile; fileRef = 5215F2E228A059C5004DDDD5 /* Signal.swift */; };
		521D5C5528A6E60600C25191 /* LightAnnotation.swift in Sources */ = {isa = PBXBuildFile; fileRef = 527384742882065500029D8B /* LightAnnotation.swift */; };
		521D5C5628A6E60600C25191 /* RouteSlice.swift in Sources */ = {isa = PBXBuildFile; fileRef = 5215F2E0289F3FAC004DDDD5 /* RouteSlice.swift */; };
		521D5C5728A6E60600C25191 /* HoughtonAndStine.swift in Sources */ = {isa = PBXBuildFile; fileRef = 52BAA4EC289351BF00365730 /* HoughtonAndStine.swift */; };
		521D5C5828A6E60600C25191 /* Road.swift in Sources */ = {isa = PBXBuildFile; fileRef = 523B2D82289645B90008CCAC /* Road.swift */; };
		521D5C5928A6E60600C25191 /* ColorPolyline.swift in Sources */ = {isa = PBXBuildFile; fileRef = 527384722881DFAF00029D8B /* ColorPolyline.swift */; };
		521D5C5A28A6E60600C25191 /* ImageOverlay.swift in Sources */ = {isa = PBXBuildFile; fileRef = 5243DC9C2883321B00536BF2 /* ImageOverlay.swift */; };
		521D5C5B28A6E60600C25191 /* Intersection.swift in Sources */ = {isa = PBXBuildFile; fileRef = 527384702880E4DB00029D8B /* Intersection.swift */; };
		521D5C5C28A6E60600C25191 /* Car.swift in Sources */ = {isa = PBXBuildFile; fileRef = 52BAA4EE2894587A00365730 /* Car.swift */; };
		521D5C5D28A6E60600C25191 /* SimulationView.swift in Sources */ = {isa = PBXBuildFile; fileRef = 524F8FAC2876544400D8D70B /* SimulationView.swift */; };
		521D5C5E28A6E60600C25191 /* LightView.swift in Sources */ = {isa = PBXBuildFile; fileRef = 52BAA4EA2892519C00365730 /* LightView.swift */; };
		521D5C5F28A6E60600C25191 /* CLExtension.swift in Sources */ = {isa = PBXBuildFile; fileRef = 523EFFD628781187003D72B4 /* CLExtension.swift */; };
		521D5C6028A6E60C00C25191 /* Assets.xcassets in Resources */ = {isa = PBXBuildFile; fileRef = 524F8FAE2876544500D8D70B /* Assets.xcassets */; };
		521D5C6228A6EF3000C25191 /* SimulationPlayer.swift in Sources */ = {isa = PBXBuildFile; fileRef = 521D5C6128A6EF3000C25191 /* SimulationPlayer.swift */; };
		521D5C6328A6F33A00C25191 /* SimulationPlayer.swift in Sources */ = {isa = PBXBuildFile; fileRef = 521D5C6128A6EF3000C25191 /* SimulationPlayer.swift */; };
		522EBD692898E248002052E1 /* Simulation.swift in Sources */ = {isa = PBXBuildFile; fileRef = 522EBD682898E248002052E1 /* Simulation.swift */; };
		522EBD6B2899DE85002052E1 /* Light.swift in Sources */ = {isa = PBXBuildFile; fileRef = 522EBD6A2899DE85002052E1 /* Light.swift */; };
		523B2D83289645B90008CCAC /* Road.swift in Sources */ = {isa = PBXBuildFile; fileRef = 523B2D82289645B90008CCAC /* Road.swift */; };
		523EFFD52877C2E5003D72B4 /* MapView.swift in Sources */ = {isa = PBXBuildFile; fileRef = 523EFFD42877C2E5003D72B4 /* MapView.swift */; };
		523EFFD728781187003D72B4 /* CLExtension.swift in Sources */ = {isa = PBXBuildFile; fileRef = 523EFFD628781187003D72B4 /* CLExtension.swift */; };
		5243DC9D2883321B00536BF2 /* ImageOverlay.swift in Sources */ = {isa = PBXBuildFile; fileRef = 5243DC9C2883321B00536BF2 /* ImageOverlay.swift */; };
		524F8FAB2876544400D8D70B /* Green_LightApp.swift in Sources */ = {isa = PBXBuildFile; fileRef = 524F8FAA2876544400D8D70B /* Green_LightApp.swift */; };
		524F8FAD2876544400D8D70B /* SimulationView.swift in Sources */ = {isa = PBXBuildFile; fileRef = 524F8FAC2876544400D8D70B /* SimulationView.swift */; };
		524F8FAF2876544500D8D70B /* Assets.xcassets in Resources */ = {isa = PBXBuildFile; fileRef = 524F8FAE2876544500D8D70B /* Assets.xcassets */; };
		524F8FB22876544500D8D70B /* Preview Assets.xcassets in Resources */ = {isa = PBXBuildFile; fileRef = 524F8FB12876544500D8D70B /* Preview Assets.xcassets */; };
		524F8FBC2876544600D8D70B /* Green_LightTests.swift in Sources */ = {isa = PBXBuildFile; fileRef = 524F8FBB2876544600D8D70B /* Green_LightTests.swift */; };
		524F8FC62876544600D8D70B /* Green_LightUITests.swift in Sources */ = {isa = PBXBuildFile; fileRef = 524F8FC52876544600D8D70B /* Green_LightUITests.swift */; };
		524F8FC82876544600D8D70B /* Green_LightUITestsLaunchTests.swift in Sources */ = {isa = PBXBuildFile; fileRef = 524F8FC72876544600D8D70B /* Green_LightUITestsLaunchTests.swift */; };
		526A130328B57C9D000FBCDF /* SymbolicCalculus in Frameworks */ = {isa = PBXBuildFile; productRef = 526A130228B57C9D000FBCDF /* SymbolicCalculus */; };
		527384712880E4DB00029D8B /* Intersection.swift in Sources */ = {isa = PBXBuildFile; fileRef = 527384702880E4DB00029D8B /* Intersection.swift */; };
		527384732881DFAF00029D8B /* ColorPolyline.swift in Sources */ = {isa = PBXBuildFile; fileRef = 527384722881DFAF00029D8B /* ColorPolyline.swift */; };
		527384752882065500029D8B /* LightAnnotation.swift in Sources */ = {isa = PBXBuildFile; fileRef = 527384742882065500029D8B /* LightAnnotation.swift */; };
		52BAA4E92891E87D00365730 /* CGExtension.swift in Sources */ = {isa = PBXBuildFile; fileRef = 52BAA4E82891E87D00365730 /* CGExtension.swift */; };
		52BAA4EB2892519C00365730 /* LightView.swift in Sources */ = {isa = PBXBuildFile; fileRef = 52BAA4EA2892519C00365730 /* LightView.swift */; };
		52BAA4ED289351BF00365730 /* HoughtonAndStine.swift in Sources */ = {isa = PBXBuildFile; fileRef = 52BAA4EC289351BF00365730 /* HoughtonAndStine.swift */; };
		52BAA4EF2894587A00365730 /* Car.swift in Sources */ = {isa = PBXBuildFile; fileRef = 52BAA4EE2894587A00365730 /* Car.swift */; };
/* End PBXBuildFile section */

/* Begin PBXContainerItemProxy section */
		521D5C3C28A6E5E900C25191 /* PBXContainerItemProxy */ = {
			isa = PBXContainerItemProxy;
			containerPortal = 524F8F9F2876544400D8D70B /* Project object */;
			proxyType = 1;
			remoteGlobalIDString = 521D5C3028A6E5E900C25191;
			remoteInfo = GreenLightUI;
		};
		521D5C3E28A6E5E900C25191 /* PBXContainerItemProxy */ = {
			isa = PBXContainerItemProxy;
			containerPortal = 524F8F9F2876544400D8D70B /* Project object */;
			proxyType = 1;
			remoteGlobalIDString = 524F8FA62876544400D8D70B;
			remoteInfo = "Green Light";
		};
		521D5C4428A6E5E900C25191 /* PBXContainerItemProxy */ = {
			isa = PBXContainerItemProxy;
			containerPortal = 524F8F9F2876544400D8D70B /* Project object */;
			proxyType = 1;
			remoteGlobalIDString = 521D5C3028A6E5E900C25191;
			remoteInfo = GreenLightUI;
		};
		524F8FB82876544600D8D70B /* PBXContainerItemProxy */ = {
			isa = PBXContainerItemProxy;
			containerPortal = 524F8F9F2876544400D8D70B /* Project object */;
			proxyType = 1;
			remoteGlobalIDString = 524F8FA62876544400D8D70B;
			remoteInfo = "Green Light";
		};
		524F8FC22876544600D8D70B /* PBXContainerItemProxy */ = {
			isa = PBXContainerItemProxy;
			containerPortal = 524F8F9F2876544400D8D70B /* Project object */;
			proxyType = 1;
			remoteGlobalIDString = 524F8FA62876544400D8D70B;
			remoteInfo = "Green Light";
		};
/* End PBXContainerItemProxy section */

/* Begin PBXCopyFilesBuildPhase section */
		521D5C4828A6E5E900C25191 /* Embed Frameworks */ = {
			isa = PBXCopyFilesBuildPhase;
			buildActionMask = 2147483647;
			dstPath = "";
			dstSubfolderSpec = 10;
			files = (
				521D5C4728A6E5E900C25191 /* GreenLightKit.framework in Embed Frameworks */,
			);
			name = "Embed Frameworks";
			runOnlyForDeploymentPostprocessing = 0;
		};
/* End PBXCopyFilesBuildPhase section */

/* Begin PBXFileReference section */
		5215F2E0289F3FAC004DDDD5 /* RouteSlice.swift */ = {isa = PBXFileReference; lastKnownFileType = sourcecode.swift; path = RouteSlice.swift; sourceTree = "<group>"; };
		5215F2E228A059C5004DDDD5 /* Signal.swift */ = {isa = PBXFileReference; lastKnownFileType = sourcecode.swift; path = Signal.swift; sourceTree = "<group>"; };
		521D5C3128A6E5E900C25191 /* GreenLightKit.framework */ = {isa = PBXFileReference; explicitFileType = wrapper.framework; includeInIndex = 0; path = GreenLightKit.framework; sourceTree = BUILT_PRODUCTS_DIR; };
		521D5C3328A6E5E900C25191 /* GreenLightUI.h */ = {isa = PBXFileReference; lastKnownFileType = sourcecode.c.h; path = GreenLightUI.h; sourceTree = "<group>"; };
		521D5C3428A6E5E900C25191 /* GreenLightUI.docc */ = {isa = PBXFileReference; lastKnownFileType = folder.documentationcatalog; path = GreenLightUI.docc; sourceTree = "<group>"; };
		521D5C3A28A6E5E900C25191 /* GreenLightKitTests.xctest */ = {isa = PBXFileReference; explicitFileType = wrapper.cfbundle; includeInIndex = 0; path = GreenLightKitTests.xctest; sourceTree = BUILT_PRODUCTS_DIR; };
		521D5C4128A6E5E900C25191 /* GreenLightUITests.swift */ = {isa = PBXFileReference; lastKnownFileType = sourcecode.swift; path = GreenLightUITests.swift; sourceTree = "<group>"; };
		521D5C6128A6EF3000C25191 /* SimulationPlayer.swift */ = {isa = PBXFileReference; lastKnownFileType = sourcecode.swift; path = SimulationPlayer.swift; sourceTree = "<group>"; };
		522EBD682898E248002052E1 /* Simulation.swift */ = {isa = PBXFileReference; lastKnownFileType = sourcecode.swift; path = Simulation.swift; sourceTree = "<group>"; };
		522EBD6A2899DE85002052E1 /* Light.swift */ = {isa = PBXFileReference; lastKnownFileType = sourcecode.swift; path = Light.swift; sourceTree = "<group>"; };
		523B2D82289645B90008CCAC /* Road.swift */ = {isa = PBXFileReference; lastKnownFileType = sourcecode.swift; path = Road.swift; sourceTree = "<group>"; };
		523EFFD42877C2E5003D72B4 /* MapView.swift */ = {isa = PBXFileReference; lastKnownFileType = sourcecode.swift; path = MapView.swift; sourceTree = "<group>"; };
		523EFFD628781187003D72B4 /* CLExtension.swift */ = {isa = PBXFileReference; lastKnownFileType = sourcecode.swift; path = CLExtension.swift; sourceTree = "<group>"; };
		5243DC9C2883321B00536BF2 /* ImageOverlay.swift */ = {isa = PBXFileReference; lastKnownFileType = sourcecode.swift; path = ImageOverlay.swift; sourceTree = "<group>"; };
		524F8FA72876544400D8D70B /* GreenLight.app */ = {isa = PBXFileReference; explicitFileType = wrapper.application; includeInIndex = 0; path = GreenLight.app; sourceTree = BUILT_PRODUCTS_DIR; };
		524F8FAA2876544400D8D70B /* Green_LightApp.swift */ = {isa = PBXFileReference; lastKnownFileType = sourcecode.swift; path = Green_LightApp.swift; sourceTree = "<group>"; };
		524F8FAC2876544400D8D70B /* SimulationView.swift */ = {isa = PBXFileReference; lastKnownFileType = sourcecode.swift; path = SimulationView.swift; sourceTree = "<group>"; };
		524F8FAE2876544500D8D70B /* Assets.xcassets */ = {isa = PBXFileReference; lastKnownFileType = folder.assetcatalog; path = Assets.xcassets; sourceTree = "<group>"; };
		524F8FB12876544500D8D70B /* Preview Assets.xcassets */ = {isa = PBXFileReference; lastKnownFileType = folder.assetcatalog; path = "Preview Assets.xcassets"; sourceTree = "<group>"; };
		524F8FB72876544600D8D70B /* GreenLightTests.xctest */ = {isa = PBXFileReference; explicitFileType = wrapper.cfbundle; includeInIndex = 0; path = GreenLightTests.xctest; sourceTree = BUILT_PRODUCTS_DIR; };
		524F8FBB2876544600D8D70B /* Green_LightTests.swift */ = {isa = PBXFileReference; lastKnownFileType = sourcecode.swift; path = Green_LightTests.swift; sourceTree = "<group>"; };
		524F8FC12876544600D8D70B /* GreenLightUITests.xctest */ = {isa = PBXFileReference; explicitFileType = wrapper.cfbundle; includeInIndex = 0; path = GreenLightUITests.xctest; sourceTree = BUILT_PRODUCTS_DIR; };
		524F8FC52876544600D8D70B /* Green_LightUITests.swift */ = {isa = PBXFileReference; lastKnownFileType = sourcecode.swift; path = Green_LightUITests.swift; sourceTree = "<group>"; };
		524F8FC72876544600D8D70B /* Green_LightUITestsLaunchTests.swift */ = {isa = PBXFileReference; lastKnownFileType = sourcecode.swift; path = Green_LightUITestsLaunchTests.swift; sourceTree = "<group>"; };
		527384702880E4DB00029D8B /* Intersection.swift */ = {isa = PBXFileReference; lastKnownFileType = sourcecode.swift; path = Intersection.swift; sourceTree = "<group>"; };
		527384722881DFAF00029D8B /* ColorPolyline.swift */ = {isa = PBXFileReference; lastKnownFileType = sourcecode.swift; path = ColorPolyline.swift; sourceTree = "<group>"; };
		527384742882065500029D8B /* LightAnnotation.swift */ = {isa = PBXFileReference; lastKnownFileType = sourcecode.swift; path = LightAnnotation.swift; sourceTree = "<group>"; };
		52BAA4E82891E87D00365730 /* CGExtension.swift */ = {isa = PBXFileReference; lastKnownFileType = sourcecode.swift; path = CGExtension.swift; sourceTree = "<group>"; };
		52BAA4EA2892519C00365730 /* LightView.swift */ = {isa = PBXFileReference; lastKnownFileType = sourcecode.swift; path = LightView.swift; sourceTree = "<group>"; };
		52BAA4EC289351BF00365730 /* HoughtonAndStine.swift */ = {isa = PBXFileReference; lastKnownFileType = sourcecode.swift; path = HoughtonAndStine.swift; sourceTree = "<group>"; };
		52BAA4EE2894587A00365730 /* Car.swift */ = {isa = PBXFileReference; lastKnownFileType = sourcecode.swift; path = Car.swift; sourceTree = "<group>"; };
/* End PBXFileReference section */

/* Begin PBXFrameworksBuildPhase section */
		521D5C2E28A6E5E900C25191 /* Frameworks */ = {
			isa = PBXFrameworksBuildPhase;
			buildActionMask = 2147483647;
			files = (
			);
			runOnlyForDeploymentPostprocessing = 0;
		};
		521D5C3728A6E5E900C25191 /* Frameworks */ = {
			isa = PBXFrameworksBuildPhase;
			buildActionMask = 2147483647;
			files = (
				521D5C3B28A6E5E900C25191 /* GreenLightKit.framework in Frameworks */,
			);
			runOnlyForDeploymentPostprocessing = 0;
		};
		524F8FA42876544400D8D70B /* Frameworks */ = {
			isa = PBXFrameworksBuildPhase;
			buildActionMask = 2147483647;
			files = (
				526A130328B57C9D000FBCDF /* SymbolicCalculus in Frameworks */,
				521D5C4628A6E5E900C25191 /* GreenLightKit.framework in Frameworks */,
			);
			runOnlyForDeploymentPostprocessing = 0;
		};
		524F8FB42876544600D8D70B /* Frameworks */ = {
			isa = PBXFrameworksBuildPhase;
			buildActionMask = 2147483647;
			files = (
			);
			runOnlyForDeploymentPostprocessing = 0;
		};
		524F8FBE2876544600D8D70B /* Frameworks */ = {
			isa = PBXFrameworksBuildPhase;
			buildActionMask = 2147483647;
			files = (
			);
			runOnlyForDeploymentPostprocessing = 0;
		};
/* End PBXFrameworksBuildPhase section */

/* Begin PBXGroup section */
		521D5C3228A6E5E900C25191 /* GreenLightKit */ = {
			isa = PBXGroup;
			children = (
				521D5C3328A6E5E900C25191 /* GreenLightUI.h */,
				521D5C3428A6E5E900C25191 /* GreenLightUI.docc */,
			);
			path = GreenLightKit;
			sourceTree = "<group>";
		};
		521D5C4028A6E5E900C25191 /* GreenLightKitTests */ = {
			isa = PBXGroup;
			children = (
				521D5C4128A6E5E900C25191 /* GreenLightUITests.swift */,
			);
			path = GreenLightKitTests;
			sourceTree = "<group>";
		};
		524F8F9E2876544400D8D70B = {
			isa = PBXGroup;
			children = (
				524F8FA92876544400D8D70B /* GreenLight */,
				524F8FBA2876544600D8D70B /* GreenLightTests */,
				524F8FC42876544600D8D70B /* GreenLightUITests */,
				521D5C3228A6E5E900C25191 /* GreenLightKit */,
				521D5C4028A6E5E900C25191 /* GreenLightKitTests */,
				524F8FA82876544400D8D70B /* Products */,
			);
			sourceTree = "<group>";
		};
		524F8FA82876544400D8D70B /* Products */ = {
			isa = PBXGroup;
			children = (
				524F8FA72876544400D8D70B /* GreenLight.app */,
				524F8FB72876544600D8D70B /* GreenLightTests.xctest */,
				524F8FC12876544600D8D70B /* GreenLightUITests.xctest */,
				521D5C3128A6E5E900C25191 /* GreenLightKit.framework */,
				521D5C3A28A6E5E900C25191 /* GreenLightKitTests.xctest */,
			);
			name = Products;
			sourceTree = "<group>";
		};
		524F8FA92876544400D8D70B /* GreenLight */ = {
			isa = PBXGroup;
			children = (
				524F8FAA2876544400D8D70B /* Green_LightApp.swift */,
				524F8FAC2876544400D8D70B /* SimulationView.swift */,
				52BAA4EC289351BF00365730 /* HoughtonAndStine.swift */,
				527384702880E4DB00029D8B /* Intersection.swift */,
				523B2D82289645B90008CCAC /* Road.swift */,
				5215F2E0289F3FAC004DDDD5 /* RouteSlice.swift */,
				5215F2E228A059C5004DDDD5 /* Signal.swift */,
				522EBD6A2899DE85002052E1 /* Light.swift */,
				52BAA4EE2894587A00365730 /* Car.swift */,
				522EBD682898E248002052E1 /* Simulation.swift */,
				521D5C6128A6EF3000C25191 /* SimulationPlayer.swift */,
				523EFFD42877C2E5003D72B4 /* MapView.swift */,
				52BAA4EA2892519C00365730 /* LightView.swift */,
				527384742882065500029D8B /* LightAnnotation.swift */,
				527384722881DFAF00029D8B /* ColorPolyline.swift */,
				5243DC9C2883321B00536BF2 /* ImageOverlay.swift */,
				523EFFD628781187003D72B4 /* CLExtension.swift */,
				52BAA4E82891E87D00365730 /* CGExtension.swift */,
				524F8FAE2876544500D8D70B /* Assets.xcassets */,
				524F8FB02876544500D8D70B /* Preview Content */,
			);
			path = GreenLight;
			sourceTree = "<group>";
		};
		524F8FB02876544500D8D70B /* Preview Content */ = {
			isa = PBXGroup;
			children = (
				524F8FB12876544500D8D70B /* Preview Assets.xcassets */,
			);
			path = "Preview Content";
			sourceTree = "<group>";
		};
		524F8FBA2876544600D8D70B /* GreenLightTests */ = {
			isa = PBXGroup;
			children = (
				524F8FBB2876544600D8D70B /* Green_LightTests.swift */,
			);
			path = GreenLightTests;
			sourceTree = "<group>";
		};
		524F8FC42876544600D8D70B /* GreenLightUITests */ = {
			isa = PBXGroup;
			children = (
				524F8FC52876544600D8D70B /* Green_LightUITests.swift */,
				524F8FC72876544600D8D70B /* Green_LightUITestsLaunchTests.swift */,
			);
			path = GreenLightUITests;
			sourceTree = "<group>";
		};
/* End PBXGroup section */

/* Begin PBXHeadersBuildPhase section */
		521D5C2C28A6E5E900C25191 /* Headers */ = {
			isa = PBXHeadersBuildPhase;
			buildActionMask = 2147483647;
			files = (
				521D5C4328A6E5E900C25191 /* GreenLightUI.h in Headers */,
			);
			runOnlyForDeploymentPostprocessing = 0;
		};
/* End PBXHeadersBuildPhase section */

/* Begin PBXNativeTarget section */
		521D5C3028A6E5E900C25191 /* GreenLightKit */ = {
			isa = PBXNativeTarget;
			buildConfigurationList = 521D5C4D28A6E5E900C25191 /* Build configuration list for PBXNativeTarget "GreenLightKit" */;
			buildPhases = (
				521D5C2C28A6E5E900C25191 /* Headers */,
				521D5C2D28A6E5E900C25191 /* Sources */,
				521D5C2E28A6E5E900C25191 /* Frameworks */,
				521D5C2F28A6E5E900C25191 /* Resources */,
			);
			buildRules = (
			);
			dependencies = (
			);
			name = GreenLightKit;
			productName = GreenLightUI;
			productReference = 521D5C3128A6E5E900C25191 /* GreenLightKit.framework */;
			productType = "com.apple.product-type.framework";
		};
		521D5C3928A6E5E900C25191 /* GreenLightKitTests */ = {
			isa = PBXNativeTarget;
			buildConfigurationList = 521D5C4E28A6E5E900C25191 /* Build configuration list for PBXNativeTarget "GreenLightKitTests" */;
			buildPhases = (
				521D5C3628A6E5E900C25191 /* Sources */,
				521D5C3728A6E5E900C25191 /* Frameworks */,
				521D5C3828A6E5E900C25191 /* Resources */,
			);
			buildRules = (
			);
			dependencies = (
				521D5C3D28A6E5E900C25191 /* PBXTargetDependency */,
				521D5C3F28A6E5E900C25191 /* PBXTargetDependency */,
			);
			name = GreenLightKitTests;
			productName = GreenLightUITests;
			productReference = 521D5C3A28A6E5E900C25191 /* GreenLightKitTests.xctest */;
			productType = "com.apple.product-type.bundle.unit-test";
		};
		524F8FA62876544400D8D70B /* GreenLight */ = {
			isa = PBXNativeTarget;
			buildConfigurationList = 524F8FCB2876544600D8D70B /* Build configuration list for PBXNativeTarget "GreenLight" */;
			buildPhases = (
				524F8FA32876544400D8D70B /* Sources */,
				524F8FA42876544400D8D70B /* Frameworks */,
				524F8FA52876544400D8D70B /* Resources */,
				521D5C4828A6E5E900C25191 /* Embed Frameworks */,
			);
			buildRules = (
			);
			dependencies = (
				521D5C4528A6E5E900C25191 /* PBXTargetDependency */,
			);
			name = GreenLight;
			packageProductDependencies = (
				526A130228B57C9D000FBCDF /* SymbolicCalculus */,
			);
			productName = "Green Light";
			productReference = 524F8FA72876544400D8D70B /* GreenLight.app */;
			productType = "com.apple.product-type.application";
		};
		524F8FB62876544600D8D70B /* GreenLightTests */ = {
			isa = PBXNativeTarget;
			buildConfigurationList = 524F8FCE2876544600D8D70B /* Build configuration list for PBXNativeTarget "GreenLightTests" */;
			buildPhases = (
				524F8FB32876544600D8D70B /* Sources */,
				524F8FB42876544600D8D70B /* Frameworks */,
				524F8FB52876544600D8D70B /* Resources */,
			);
			buildRules = (
			);
			dependencies = (
				524F8FB92876544600D8D70B /* PBXTargetDependency */,
			);
			name = GreenLightTests;
			productName = "Green LightTests";
			productReference = 524F8FB72876544600D8D70B /* GreenLightTests.xctest */;
			productType = "com.apple.product-type.bundle.unit-test";
		};
		524F8FC02876544600D8D70B /* GreenLightUITests */ = {
			isa = PBXNativeTarget;
			buildConfigurationList = 524F8FD12876544600D8D70B /* Build configuration list for PBXNativeTarget "GreenLightUITests" */;
			buildPhases = (
				524F8FBD2876544600D8D70B /* Sources */,
				524F8FBE2876544600D8D70B /* Frameworks */,
				524F8FBF2876544600D8D70B /* Resources */,
			);
			buildRules = (
			);
			dependencies = (
				524F8FC32876544600D8D70B /* PBXTargetDependency */,
			);
			name = GreenLightUITests;
			productName = "Green LightUITests";
			productReference = 524F8FC12876544600D8D70B /* GreenLightUITests.xctest */;
			productType = "com.apple.product-type.bundle.ui-testing";
		};
/* End PBXNativeTarget section */

/* Begin PBXProject section */
		524F8F9F2876544400D8D70B /* Project object */ = {
			isa = PBXProject;
			attributes = {
				BuildIndependentTargetsInParallel = 1;
				LastSwiftUpdateCheck = 1400;
				LastUpgradeCheck = 1340;
				TargetAttributes = {
					521D5C3028A6E5E900C25191 = {
						CreatedOnToolsVersion = 14.0;
					};
					521D5C3928A6E5E900C25191 = {
						CreatedOnToolsVersion = 14.0;
						TestTargetID = 524F8FA62876544400D8D70B;
					};
					524F8FA62876544400D8D70B = {
						CreatedOnToolsVersion = 13.4.1;
					};
					524F8FB62876544600D8D70B = {
						CreatedOnToolsVersion = 13.4.1;
						TestTargetID = 524F8FA62876544400D8D70B;
					};
					524F8FC02876544600D8D70B = {
						CreatedOnToolsVersion = 13.4.1;
						TestTargetID = 524F8FA62876544400D8D70B;
					};
				};
			};
			buildConfigurationList = 524F8FA22876544400D8D70B /* Build configuration list for PBXProject "GreenLight" */;
			compatibilityVersion = "Xcode 13.0";
			developmentRegion = en;
			hasScannedForEncodings = 0;
			knownRegions = (
				en,
				Base,
			);
			mainGroup = 524F8F9E2876544400D8D70B;
			packageReferences = (
				526A130128B57C9D000FBCDF /* XCRemoteSwiftPackageReference "SymbolicCalculus" */,
			);
			productRefGroup = 524F8FA82876544400D8D70B /* Products */;
			projectDirPath = "";
			projectRoot = "";
			targets = (
				524F8FA62876544400D8D70B /* GreenLight */,
				524F8FB62876544600D8D70B /* GreenLightTests */,
				524F8FC02876544600D8D70B /* GreenLightUITests */,
				521D5C3028A6E5E900C25191 /* GreenLightKit */,
				521D5C3928A6E5E900C25191 /* GreenLightKitTests */,
			);
		};
/* End PBXProject section */

/* Begin PBXResourcesBuildPhase section */
		521D5C2F28A6E5E900C25191 /* Resources */ = {
			isa = PBXResourcesBuildPhase;
			buildActionMask = 2147483647;
			files = (
				521D5C6028A6E60C00C25191 /* Assets.xcassets in Resources */,
			);
			runOnlyForDeploymentPostprocessing = 0;
		};
		521D5C3828A6E5E900C25191 /* Resources */ = {
			isa = PBXResourcesBuildPhase;
			buildActionMask = 2147483647;
			files = (
			);
			runOnlyForDeploymentPostprocessing = 0;
		};
		524F8FA52876544400D8D70B /* Resources */ = {
			isa = PBXResourcesBuildPhase;
			buildActionMask = 2147483647;
			files = (
				524F8FB22876544500D8D70B /* Preview Assets.xcassets in Resources */,
				524F8FAF2876544500D8D70B /* Assets.xcassets in Resources */,
			);
			runOnlyForDeploymentPostprocessing = 0;
		};
		524F8FB52876544600D8D70B /* Resources */ = {
			isa = PBXResourcesBuildPhase;
			buildActionMask = 2147483647;
			files = (
			);
			runOnlyForDeploymentPostprocessing = 0;
		};
		524F8FBF2876544600D8D70B /* Resources */ = {
			isa = PBXResourcesBuildPhase;
			buildActionMask = 2147483647;
			files = (
			);
			runOnlyForDeploymentPostprocessing = 0;
		};
/* End PBXResourcesBuildPhase section */

/* Begin PBXSourcesBuildPhase section */
		521D5C2D28A6E5E900C25191 /* Sources */ = {
			isa = PBXSourcesBuildPhase;
			buildActionMask = 2147483647;
			files = (
				521D5C4F28A6E60000C25191 /* Green_LightApp.swift in Sources */,
				521D5C5928A6E60600C25191 /* ColorPolyline.swift in Sources */,
				521D5C5C28A6E60600C25191 /* Car.swift in Sources */,
				521D5C5428A6E60600C25191 /* Signal.swift in Sources */,
				521D5C6328A6F33A00C25191 /* SimulationPlayer.swift in Sources */,
				521D5C5F28A6E60600C25191 /* CLExtension.swift in Sources */,
				521D5C5328A6E60600C25191 /* CGExtension.swift in Sources */,
				521D5C5A28A6E60600C25191 /* ImageOverlay.swift in Sources */,
				521D5C5528A6E60600C25191 /* LightAnnotation.swift in Sources */,
				521D5C5028A6E60600C25191 /* MapView.swift in Sources */,
				521D5C5828A6E60600C25191 /* Road.swift in Sources */,
				521D5C5728A6E60600C25191 /* HoughtonAndStine.swift in Sources */,
				521D5C5228A6E60600C25191 /* Simulation.swift in Sources */,
				521D5C5E28A6E60600C25191 /* LightView.swift in Sources */,
				521D5C5128A6E60600C25191 /* Light.swift in Sources */,
				521D5C3528A6E5E900C25191 /* GreenLightUI.docc in Sources */,
				521D5C5B28A6E60600C25191 /* Intersection.swift in Sources */,
				521D5C5628A6E60600C25191 /* RouteSlice.swift in Sources */,
				521D5C5D28A6E60600C25191 /* SimulationView.swift in Sources */,
			);
			runOnlyForDeploymentPostprocessing = 0;
		};
		521D5C3628A6E5E900C25191 /* Sources */ = {
			isa = PBXSourcesBuildPhase;
			buildActionMask = 2147483647;
			files = (
				521D5C4228A6E5E900C25191 /* GreenLightUITests.swift in Sources */,
			);
			runOnlyForDeploymentPostprocessing = 0;
		};
		524F8FA32876544400D8D70B /* Sources */ = {
			isa = PBXSourcesBuildPhase;
			buildActionMask = 2147483647;
			files = (
				52BAA4ED289351BF00365730 /* HoughtonAndStine.swift in Sources */,
				522EBD6B2899DE85002052E1 /* Light.swift in Sources */,
				523EFFD728781187003D72B4 /* CLExtension.swift in Sources */,
				52BAA4EF2894587A00365730 /* Car.swift in Sources */,
				527384752882065500029D8B /* LightAnnotation.swift in Sources */,
				521D5C6228A6EF3000C25191 /* SimulationPlayer.swift in Sources */,
				5215F2E1289F3FAC004DDDD5 /* RouteSlice.swift in Sources */,
				522EBD692898E248002052E1 /* Simulation.swift in Sources */,
				523B2D83289645B90008CCAC /* Road.swift in Sources */,
				5243DC9D2883321B00536BF2 /* ImageOverlay.swift in Sources */,
				527384732881DFAF00029D8B /* ColorPolyline.swift in Sources */,
				524F8FAD2876544400D8D70B /* SimulationView.swift in Sources */,
				523EFFD52877C2E5003D72B4 /* MapView.swift in Sources */,
				527384712880E4DB00029D8B /* Intersection.swift in Sources */,
				5215F2E328A059C5004DDDD5 /* Signal.swift in Sources */,
				52BAA4E92891E87D00365730 /* CGExtension.swift in Sources */,
				52BAA4EB2892519C00365730 /* LightView.swift in Sources */,
				524F8FAB2876544400D8D70B /* Green_LightApp.swift in Sources */,
			);
			runOnlyForDeploymentPostprocessing = 0;
		};
		524F8FB32876544600D8D70B /* Sources */ = {
			isa = PBXSourcesBuildPhase;
			buildActionMask = 2147483647;
			files = (
				524F8FBC2876544600D8D70B /* Green_LightTests.swift in Sources */,
			);
			runOnlyForDeploymentPostprocessing = 0;
		};
		524F8FBD2876544600D8D70B /* Sources */ = {
			isa = PBXSourcesBuildPhase;
			buildActionMask = 2147483647;
			files = (
				524F8FC62876544600D8D70B /* Green_LightUITests.swift in Sources */,
				524F8FC82876544600D8D70B /* Green_LightUITestsLaunchTests.swift in Sources */,
			);
			runOnlyForDeploymentPostprocessing = 0;
		};
/* End PBXSourcesBuildPhase section */

/* Begin PBXTargetDependency section */
		521D5C3D28A6E5E900C25191 /* PBXTargetDependency */ = {
			isa = PBXTargetDependency;
			target = 521D5C3028A6E5E900C25191 /* GreenLightKit */;
			targetProxy = 521D5C3C28A6E5E900C25191 /* PBXContainerItemProxy */;
		};
		521D5C3F28A6E5E900C25191 /* PBXTargetDependency */ = {
			isa = PBXTargetDependency;
			target = 524F8FA62876544400D8D70B /* GreenLight */;
			targetProxy = 521D5C3E28A6E5E900C25191 /* PBXContainerItemProxy */;
		};
		521D5C4528A6E5E900C25191 /* PBXTargetDependency */ = {
			isa = PBXTargetDependency;
			target = 521D5C3028A6E5E900C25191 /* GreenLightKit */;
			targetProxy = 521D5C4428A6E5E900C25191 /* PBXContainerItemProxy */;
		};
		524F8FB92876544600D8D70B /* PBXTargetDependency */ = {
			isa = PBXTargetDependency;
			target = 524F8FA62876544400D8D70B /* GreenLight */;
			targetProxy = 524F8FB82876544600D8D70B /* PBXContainerItemProxy */;
		};
		524F8FC32876544600D8D70B /* PBXTargetDependency */ = {
			isa = PBXTargetDependency;
			target = 524F8FA62876544400D8D70B /* GreenLight */;
			targetProxy = 524F8FC22876544600D8D70B /* PBXContainerItemProxy */;
		};
/* End PBXTargetDependency section */

/* Begin XCBuildConfiguration section */
		521D5C4928A6E5E900C25191 /* Debug */ = {
			isa = XCBuildConfiguration;
			buildSettings = {
				CLANG_CXX_LANGUAGE_STANDARD = "gnu++20";
				CODE_SIGN_STYLE = Automatic;
				CURRENT_PROJECT_VERSION = 1;
				DEFINES_MODULE = YES;
				DEVELOPMENT_TEAM = 2YJSMKRB25;
				DYLIB_COMPATIBILITY_VERSION = 1;
				DYLIB_CURRENT_VERSION = 1;
				DYLIB_INSTALL_NAME_BASE = "@rpath";
				GENERATE_INFOPLIST_FILE = YES;
				INFOPLIST_KEY_NSHumanReadableCopyright = "";
				INSTALL_PATH = "$(LOCAL_LIBRARY_DIR)/Frameworks";
				LD_RUNPATH_SEARCH_PATHS = (
					"$(inherited)",
					"@executable_path/Frameworks",
					"@loader_path/Frameworks",
				);
				MARKETING_VERSION = 1.0;
				PRODUCT_BUNDLE_IDENTIFIER = com.josephcestone.GreenLightUI;
				PRODUCT_NAME = "$(TARGET_NAME:c99extidentifier)";
				SKIP_INSTALL = YES;
				SWIFT_EMIT_LOC_STRINGS = YES;
				SWIFT_VERSION = 5.0;
				TARGETED_DEVICE_FAMILY = "1,2";
				VERSIONING_SYSTEM = "apple-generic";
				VERSION_INFO_PREFIX = "";
			};
			name = Debug;
		};
		521D5C4A28A6E5E900C25191 /* Release */ = {
			isa = XCBuildConfiguration;
			buildSettings = {
				CLANG_CXX_LANGUAGE_STANDARD = "gnu++20";
				CODE_SIGN_STYLE = Automatic;
				CURRENT_PROJECT_VERSION = 1;
				DEFINES_MODULE = YES;
				DEVELOPMENT_TEAM = 2YJSMKRB25;
				DYLIB_COMPATIBILITY_VERSION = 1;
				DYLIB_CURRENT_VERSION = 1;
				DYLIB_INSTALL_NAME_BASE = "@rpath";
				GENERATE_INFOPLIST_FILE = YES;
				INFOPLIST_KEY_NSHumanReadableCopyright = "";
				INSTALL_PATH = "$(LOCAL_LIBRARY_DIR)/Frameworks";
				LD_RUNPATH_SEARCH_PATHS = (
					"$(inherited)",
					"@executable_path/Frameworks",
					"@loader_path/Frameworks",
				);
				MARKETING_VERSION = 1.0;
				PRODUCT_BUNDLE_IDENTIFIER = com.josephcestone.GreenLightUI;
				PRODUCT_NAME = "$(TARGET_NAME:c99extidentifier)";
				SKIP_INSTALL = YES;
				SWIFT_EMIT_LOC_STRINGS = YES;
				SWIFT_VERSION = 5.0;
				TARGETED_DEVICE_FAMILY = "1,2";
				VERSIONING_SYSTEM = "apple-generic";
				VERSION_INFO_PREFIX = "";
			};
			name = Release;
		};
		521D5C4B28A6E5E900C25191 /* Debug */ = {
			isa = XCBuildConfiguration;
			buildSettings = {
				ALWAYS_EMBED_SWIFT_STANDARD_LIBRARIES = YES;
				CLANG_CXX_LANGUAGE_STANDARD = "gnu++20";
				CODE_SIGN_STYLE = Automatic;
				CURRENT_PROJECT_VERSION = 1;
				DEVELOPMENT_TEAM = 2YJSMKRB25;
				GENERATE_INFOPLIST_FILE = YES;
				MARKETING_VERSION = 1.0;
				PRODUCT_BUNDLE_IDENTIFIER = com.josephcestone.GreenLightUITests;
				PRODUCT_NAME = "$(TARGET_NAME)";
				SWIFT_EMIT_LOC_STRINGS = NO;
				SWIFT_VERSION = 5.0;
				TARGETED_DEVICE_FAMILY = "1,2";
				TEST_HOST = "$(BUILT_PRODUCTS_DIR)/GreenLight.app/$(BUNDLE_EXECUTABLE_FOLDER_PATH)/GreenLight";
			};
			name = Debug;
		};
		521D5C4C28A6E5E900C25191 /* Release */ = {
			isa = XCBuildConfiguration;
			buildSettings = {
				ALWAYS_EMBED_SWIFT_STANDARD_LIBRARIES = YES;
				CLANG_CXX_LANGUAGE_STANDARD = "gnu++20";
				CODE_SIGN_STYLE = Automatic;
				CURRENT_PROJECT_VERSION = 1;
				DEVELOPMENT_TEAM = 2YJSMKRB25;
				GENERATE_INFOPLIST_FILE = YES;
				MARKETING_VERSION = 1.0;
				PRODUCT_BUNDLE_IDENTIFIER = com.josephcestone.GreenLightUITests;
				PRODUCT_NAME = "$(TARGET_NAME)";
				SWIFT_EMIT_LOC_STRINGS = NO;
				SWIFT_VERSION = 5.0;
				TARGETED_DEVICE_FAMILY = "1,2";
				TEST_HOST = "$(BUILT_PRODUCTS_DIR)/GreenLight.app/$(BUNDLE_EXECUTABLE_FOLDER_PATH)/GreenLight";
			};
			name = Release;
		};
		524F8FC92876544600D8D70B /* Debug */ = {
			isa = XCBuildConfiguration;
			buildSettings = {
				ALWAYS_SEARCH_USER_PATHS = NO;
				CLANG_ANALYZER_NONNULL = YES;
				CLANG_ANALYZER_NUMBER_OBJECT_CONVERSION = YES_AGGRESSIVE;
				CLANG_CXX_LANGUAGE_STANDARD = "gnu++17";
				CLANG_ENABLE_MODULES = YES;
				CLANG_ENABLE_OBJC_ARC = YES;
				CLANG_ENABLE_OBJC_WEAK = YES;
				CLANG_WARN_BLOCK_CAPTURE_AUTORELEASING = YES;
				CLANG_WARN_BOOL_CONVERSION = YES;
				CLANG_WARN_COMMA = YES;
				CLANG_WARN_CONSTANT_CONVERSION = YES;
				CLANG_WARN_DEPRECATED_OBJC_IMPLEMENTATIONS = YES;
				CLANG_WARN_DIRECT_OBJC_ISA_USAGE = YES_ERROR;
				CLANG_WARN_DOCUMENTATION_COMMENTS = YES;
				CLANG_WARN_EMPTY_BODY = YES;
				CLANG_WARN_ENUM_CONVERSION = YES;
				CLANG_WARN_INFINITE_RECURSION = YES;
				CLANG_WARN_INT_CONVERSION = YES;
				CLANG_WARN_NON_LITERAL_NULL_CONVERSION = YES;
				CLANG_WARN_OBJC_IMPLICIT_RETAIN_SELF = YES;
				CLANG_WARN_OBJC_LITERAL_CONVERSION = YES;
				CLANG_WARN_OBJC_ROOT_CLASS = YES_ERROR;
				CLANG_WARN_QUOTED_INCLUDE_IN_FRAMEWORK_HEADER = YES;
				CLANG_WARN_RANGE_LOOP_ANALYSIS = YES;
				CLANG_WARN_STRICT_PROTOTYPES = YES;
				CLANG_WARN_SUSPICIOUS_MOVE = YES;
				CLANG_WARN_UNGUARDED_AVAILABILITY = YES_AGGRESSIVE;
				CLANG_WARN_UNREACHABLE_CODE = YES;
				CLANG_WARN__DUPLICATE_METHOD_MATCH = YES;
				COPY_PHASE_STRIP = NO;
				DEBUG_INFORMATION_FORMAT = dwarf;
				ENABLE_STRICT_OBJC_MSGSEND = YES;
				ENABLE_TESTABILITY = YES;
				GCC_C_LANGUAGE_STANDARD = gnu11;
				GCC_DYNAMIC_NO_PIC = NO;
				GCC_NO_COMMON_BLOCKS = YES;
				GCC_OPTIMIZATION_LEVEL = 0;
				GCC_PREPROCESSOR_DEFINITIONS = (
					"DEBUG=1",
					"$(inherited)",
				);
				GCC_WARN_64_TO_32_BIT_CONVERSION = YES;
				GCC_WARN_ABOUT_RETURN_TYPE = YES_ERROR;
				GCC_WARN_UNDECLARED_SELECTOR = YES;
				GCC_WARN_UNINITIALIZED_AUTOS = YES_AGGRESSIVE;
				GCC_WARN_UNUSED_FUNCTION = YES;
				GCC_WARN_UNUSED_VARIABLE = YES;
				IPHONEOS_DEPLOYMENT_TARGET = 16.0;
				MTL_ENABLE_DEBUG_INFO = INCLUDE_SOURCE;
				MTL_FAST_MATH = YES;
				ONLY_ACTIVE_ARCH = YES;
				SDKROOT = iphoneos;
				SWIFT_ACTIVE_COMPILATION_CONDITIONS = DEBUG;
				SWIFT_OPTIMIZATION_LEVEL = "-Onone";
			};
			name = Debug;
		};
		524F8FCA2876544600D8D70B /* Release */ = {
			isa = XCBuildConfiguration;
			buildSettings = {
				ALWAYS_SEARCH_USER_PATHS = NO;
				CLANG_ANALYZER_NONNULL = YES;
				CLANG_ANALYZER_NUMBER_OBJECT_CONVERSION = YES_AGGRESSIVE;
				CLANG_CXX_LANGUAGE_STANDARD = "gnu++17";
				CLANG_ENABLE_MODULES = YES;
				CLANG_ENABLE_OBJC_ARC = YES;
				CLANG_ENABLE_OBJC_WEAK = YES;
				CLANG_WARN_BLOCK_CAPTURE_AUTORELEASING = YES;
				CLANG_WARN_BOOL_CONVERSION = YES;
				CLANG_WARN_COMMA = YES;
				CLANG_WARN_CONSTANT_CONVERSION = YES;
				CLANG_WARN_DEPRECATED_OBJC_IMPLEMENTATIONS = YES;
				CLANG_WARN_DIRECT_OBJC_ISA_USAGE = YES_ERROR;
				CLANG_WARN_DOCUMENTATION_COMMENTS = YES;
				CLANG_WARN_EMPTY_BODY = YES;
				CLANG_WARN_ENUM_CONVERSION = YES;
				CLANG_WARN_INFINITE_RECURSION = YES;
				CLANG_WARN_INT_CONVERSION = YES;
				CLANG_WARN_NON_LITERAL_NULL_CONVERSION = YES;
				CLANG_WARN_OBJC_IMPLICIT_RETAIN_SELF = YES;
				CLANG_WARN_OBJC_LITERAL_CONVERSION = YES;
				CLANG_WARN_OBJC_ROOT_CLASS = YES_ERROR;
				CLANG_WARN_QUOTED_INCLUDE_IN_FRAMEWORK_HEADER = YES;
				CLANG_WARN_RANGE_LOOP_ANALYSIS = YES;
				CLANG_WARN_STRICT_PROTOTYPES = YES;
				CLANG_WARN_SUSPICIOUS_MOVE = YES;
				CLANG_WARN_UNGUARDED_AVAILABILITY = YES_AGGRESSIVE;
				CLANG_WARN_UNREACHABLE_CODE = YES;
				CLANG_WARN__DUPLICATE_METHOD_MATCH = YES;
				COPY_PHASE_STRIP = NO;
				DEBUG_INFORMATION_FORMAT = "dwarf-with-dsym";
				ENABLE_NS_ASSERTIONS = NO;
				ENABLE_STRICT_OBJC_MSGSEND = YES;
				GCC_C_LANGUAGE_STANDARD = gnu11;
				GCC_NO_COMMON_BLOCKS = YES;
				GCC_WARN_64_TO_32_BIT_CONVERSION = YES;
				GCC_WARN_ABOUT_RETURN_TYPE = YES_ERROR;
				GCC_WARN_UNDECLARED_SELECTOR = YES;
				GCC_WARN_UNINITIALIZED_AUTOS = YES_AGGRESSIVE;
				GCC_WARN_UNUSED_FUNCTION = YES;
				GCC_WARN_UNUSED_VARIABLE = YES;
				IPHONEOS_DEPLOYMENT_TARGET = 16.0;
				MTL_ENABLE_DEBUG_INFO = NO;
				MTL_FAST_MATH = YES;
				SDKROOT = iphoneos;
				SWIFT_COMPILATION_MODE = wholemodule;
				SWIFT_OPTIMIZATION_LEVEL = "-O";
				VALIDATE_PRODUCT = YES;
			};
			name = Release;
		};
		524F8FCC2876544600D8D70B /* Debug */ = {
			isa = XCBuildConfiguration;
			buildSettings = {
				ALWAYS_EMBED_SWIFT_STANDARD_LIBRARIES = YES;
				ASSETCATALOG_COMPILER_APPICON_NAME = AppIcon;
				ASSETCATALOG_COMPILER_GLOBAL_ACCENT_COLOR_NAME = AccentColor;
				CODE_SIGN_STYLE = Automatic;
				CURRENT_PROJECT_VERSION = 1;
				DEVELOPMENT_ASSET_PATHS = "\"GreenLight/Preview Content\"";
				DEVELOPMENT_TEAM = 2YJSMKRB25;
				ENABLE_PREVIEWS = YES;
				GENERATE_INFOPLIST_FILE = YES;
				INFOPLIST_KEY_UIApplicationSceneManifest_Generation = YES;
				INFOPLIST_KEY_UIApplicationSupportsIndirectInputEvents = YES;
				INFOPLIST_KEY_UILaunchScreen_Generation = YES;
				INFOPLIST_KEY_UISupportedInterfaceOrientations_iPad = "UIInterfaceOrientationPortrait UIInterfaceOrientationPortraitUpsideDown UIInterfaceOrientationLandscapeLeft UIInterfaceOrientationLandscapeRight";
				INFOPLIST_KEY_UISupportedInterfaceOrientations_iPhone = "UIInterfaceOrientationPortrait UIInterfaceOrientationLandscapeLeft UIInterfaceOrientationLandscapeRight";
				LD_RUNPATH_SEARCH_PATHS = (
					"$(inherited)",
					"@executable_path/Frameworks",
				);
				MARKETING_VERSION = 1.0;
				PRODUCT_BUNDLE_IDENTIFIER = "com.josephcestone.Green-Light";
				PRODUCT_NAME = "$(TARGET_NAME)";
				SWIFT_EMIT_LOC_STRINGS = YES;
				SWIFT_VERSION = 5.0;
				TARGETED_DEVICE_FAMILY = "1,2";
			};
			name = Debug;
		};
		524F8FCD2876544600D8D70B /* Release */ = {
			isa = XCBuildConfiguration;
			buildSettings = {
				ALWAYS_EMBED_SWIFT_STANDARD_LIBRARIES = YES;
				ASSETCATALOG_COMPILER_APPICON_NAME = AppIcon;
				ASSETCATALOG_COMPILER_GLOBAL_ACCENT_COLOR_NAME = AccentColor;
				CODE_SIGN_STYLE = Automatic;
				CURRENT_PROJECT_VERSION = 1;
				DEVELOPMENT_ASSET_PATHS = "\"Green Light/Preview Content\"";
				DEVELOPMENT_TEAM = 2YJSMKRB25;
				ENABLE_PREVIEWS = YES;
				GENERATE_INFOPLIST_FILE = YES;
				INFOPLIST_KEY_UIApplicationSceneManifest_Generation = YES;
				INFOPLIST_KEY_UIApplicationSupportsIndirectInputEvents = YES;
				INFOPLIST_KEY_UILaunchScreen_Generation = YES;
				INFOPLIST_KEY_UISupportedInterfaceOrientations_iPad = "UIInterfaceOrientationPortrait UIInterfaceOrientationPortraitUpsideDown UIInterfaceOrientationLandscapeLeft UIInterfaceOrientationLandscapeRight";
				INFOPLIST_KEY_UISupportedInterfaceOrientations_iPhone = "UIInterfaceOrientationPortrait UIInterfaceOrientationLandscapeLeft UIInterfaceOrientationLandscapeRight";
				LD_RUNPATH_SEARCH_PATHS = (
					"$(inherited)",
					"@executable_path/Frameworks",
				);
				MARKETING_VERSION = 1.0;
				PRODUCT_BUNDLE_IDENTIFIER = "com.josephcestone.Green-Light";
				PRODUCT_NAME = "$(TARGET_NAME)";
				SWIFT_EMIT_LOC_STRINGS = YES;
				SWIFT_VERSION = 5.0;
				TARGETED_DEVICE_FAMILY = "1,2";
			};
			name = Release;
		};
		524F8FCF2876544600D8D70B /* Debug */ = {
			isa = XCBuildConfiguration;
			buildSettings = {
				ALWAYS_EMBED_SWIFT_STANDARD_LIBRARIES = YES;
				BUNDLE_LOADER = "$(TEST_HOST)";
				CODE_SIGN_STYLE = Automatic;
				CURRENT_PROJECT_VERSION = 1;
				DEVELOPMENT_TEAM = 2YJSMKRB25;
				GENERATE_INFOPLIST_FILE = YES;
				IPHONEOS_DEPLOYMENT_TARGET = 15.5;
				MARKETING_VERSION = 1.0;
				PRODUCT_BUNDLE_IDENTIFIER = "com.josephcestone.Green-LightTests";
				PRODUCT_NAME = "$(TARGET_NAME)";
				SWIFT_EMIT_LOC_STRINGS = NO;
				SWIFT_VERSION = 5.0;
				TARGETED_DEVICE_FAMILY = "1,2";
				TEST_HOST = "$(BUILT_PRODUCTS_DIR)/GreenLight.app/GreenLight";
			};
			name = Debug;
		};
		524F8FD02876544600D8D70B /* Release */ = {
			isa = XCBuildConfiguration;
			buildSettings = {
				ALWAYS_EMBED_SWIFT_STANDARD_LIBRARIES = YES;
				BUNDLE_LOADER = "$(TEST_HOST)";
				CODE_SIGN_STYLE = Automatic;
				CURRENT_PROJECT_VERSION = 1;
				DEVELOPMENT_TEAM = 2YJSMKRB25;
				GENERATE_INFOPLIST_FILE = YES;
				IPHONEOS_DEPLOYMENT_TARGET = 15.5;
				MARKETING_VERSION = 1.0;
				PRODUCT_BUNDLE_IDENTIFIER = "com.josephcestone.Green-LightTests";
				PRODUCT_NAME = "$(TARGET_NAME)";
				SWIFT_EMIT_LOC_STRINGS = NO;
				SWIFT_VERSION = 5.0;
				TARGETED_DEVICE_FAMILY = "1,2";
				TEST_HOST = "$(BUILT_PRODUCTS_DIR)/GreenLight.app/GreenLight";
			};
			name = Release;
		};
		524F8FD22876544600D8D70B /* Debug */ = {
			isa = XCBuildConfiguration;
			buildSettings = {
				ALWAYS_EMBED_SWIFT_STANDARD_LIBRARIES = YES;
				CODE_SIGN_STYLE = Automatic;
				CURRENT_PROJECT_VERSION = 1;
				DEVELOPMENT_TEAM = 2YJSMKRB25;
				GENERATE_INFOPLIST_FILE = YES;
				MARKETING_VERSION = 1.0;
				PRODUCT_BUNDLE_IDENTIFIER = "com.josephcestone.Green-LightUITests";
				PRODUCT_NAME = "$(TARGET_NAME)";
				SWIFT_EMIT_LOC_STRINGS = NO;
				SWIFT_VERSION = 5.0;
				TARGETED_DEVICE_FAMILY = "1,2";
				TEST_TARGET_NAME = "Green Light";
			};
			name = Debug;
		};
		524F8FD32876544600D8D70B /* Release */ = {
			isa = XCBuildConfiguration;
			buildSettings = {
				ALWAYS_EMBED_SWIFT_STANDARD_LIBRARIES = YES;
				CODE_SIGN_STYLE = Automatic;
				CURRENT_PROJECT_VERSION = 1;
				DEVELOPMENT_TEAM = 2YJSMKRB25;
				GENERATE_INFOPLIST_FILE = YES;
				MARKETING_VERSION = 1.0;
				PRODUCT_BUNDLE_IDENTIFIER = "com.josephcestone.Green-LightUITests";
				PRODUCT_NAME = "$(TARGET_NAME)";
				SWIFT_EMIT_LOC_STRINGS = NO;
				SWIFT_VERSION = 5.0;
				TARGETED_DEVICE_FAMILY = "1,2";
				TEST_TARGET_NAME = "Green Light";
			};
			name = Release;
		};
/* End XCBuildConfiguration section */

/* Begin XCConfigurationList section */
		521D5C4D28A6E5E900C25191 /* Build configuration list for PBXNativeTarget "GreenLightKit" */ = {
			isa = XCConfigurationList;
			buildConfigurations = (
				521D5C4928A6E5E900C25191 /* Debug */,
				521D5C4A28A6E5E900C25191 /* Release */,
			);
			defaultConfigurationIsVisible = 0;
			defaultConfigurationName = Release;
		};
		521D5C4E28A6E5E900C25191 /* Build configuration list for PBXNativeTarget "GreenLightKitTests" */ = {
			isa = XCConfigurationList;
			buildConfigurations = (
				521D5C4B28A6E5E900C25191 /* Debug */,
				521D5C4C28A6E5E900C25191 /* Release */,
			);
			defaultConfigurationIsVisible = 0;
			defaultConfigurationName = Release;
		};
		524F8FA22876544400D8D70B /* Build configuration list for PBXProject "GreenLight" */ = {
			isa = XCConfigurationList;
			buildConfigurations = (
				524F8FC92876544600D8D70B /* Debug */,
				524F8FCA2876544600D8D70B /* Release */,
			);
			defaultConfigurationIsVisible = 0;
			defaultConfigurationName = Release;
		};
		524F8FCB2876544600D8D70B /* Build configuration list for PBXNativeTarget "GreenLight" */ = {
			isa = XCConfigurationList;
			buildConfigurations = (
				524F8FCC2876544600D8D70B /* Debug */,
				524F8FCD2876544600D8D70B /* Release */,
			);
			defaultConfigurationIsVisible = 0;
			defaultConfigurationName = Release;
		};
		524F8FCE2876544600D8D70B /* Build configuration list for PBXNativeTarget "GreenLightTests" */ = {
			isa = XCConfigurationList;
			buildConfigurations = (
				524F8FCF2876544600D8D70B /* Debug */,
				524F8FD02876544600D8D70B /* Release */,
			);
			defaultConfigurationIsVisible = 0;
			defaultConfigurationName = Release;
		};
		524F8FD12876544600D8D70B /* Build configuration list for PBXNativeTarget "GreenLightUITests" */ = {
			isa = XCConfigurationList;
			buildConfigurations = (
				524F8FD22876544600D8D70B /* Debug */,
				524F8FD32876544600D8D70B /* Release */,
			);
			defaultConfigurationIsVisible = 0;
			defaultConfigurationName = Release;
		};
/* End XCConfigurationList section */

/* Begin XCRemoteSwiftPackageReference section */
		526A130128B57C9D000FBCDF /* XCRemoteSwiftPackageReference "SymbolicCalculus" */ = {
			isa = XCRemoteSwiftPackageReference;
			repositoryURL = "https://github.com/joseph0x4365732E/SymbolicCalculus";
			requirement = {
				branch = main;
				kind = branch;
			};
		};
/* End XCRemoteSwiftPackageReference section */

/* Begin XCSwiftPackageProductDependency section */
		526A130228B57C9D000FBCDF /* SymbolicCalculus */ = {
			isa = XCSwiftPackageProductDependency;
			package = 526A130128B57C9D000FBCDF /* XCRemoteSwiftPackageReference "SymbolicCalculus" */;
			productName = SymbolicCalculus;
		};
/* End XCSwiftPackageProductDependency section */
	};
	rootObject = 524F8F9F2876544400D8D70B /* Project object */;
}
